{
  "name": "small-test",
  "version": "1.0.0",
  "lockfileVersion": 3,
  "requires": true,
  "packages": {
    "": {
      "name": "small-test",
      "version": "1.0.0",
      "license": "ISC",
      "dependencies": {
        "@art-ws/ssl-info": "^1.0.2",
        "nanoid": "^5.1.6",
        "yaml": "^2.8.2"
      }
    },
    "node_modules/@art-ws/ssl-info": {
      "version": "1.0.2",
      "resolved": "https://git.duti.dev/api/packages/acheong08/npm/%40art-ws%2Fssl-info/-/1.0.2/ssl-info-1.0.2.tgz",
      "integrity": "sha512-SAcMP431E6tHhYnnx+w1nQ4AS8UJIwrKVaOwWujGzVCUSPAL1lNsRXcpUKwFiI1PUSUulhW2pgmB7m0q8niIkw==",
      "license": "ISC"
    },
    "node_modules/nanoid": {
      "version": "5.1.6",
      "funding": [
        {
          "type": "github",
          "url": "https://github.com/sponsors/ai"
        }
      ],
      "license": "MIT",
      "bin": {
        "nanoid": "bin/nanoid.js"
      },
      "engines": {
        "node": "^18 || >=20"
      }
    },
    "node_modules/yaml": {
      "version": "2.8.2",
      "license": "ISC",
      "bin": {
        "yaml": "bin.mjs"
      },
      "engines": {
        "node": ">= 14.6"
      },
      "funding": {
        "url": "https://github.com/sponsors/eemeli"
      }
    }
  }
}
